// !$*UTF8*$!
{
	archiveVersion = 1;
	classes = {
	};
	objectVersion = 77;
	objects = {

/* Begin PBXBuildFile section */
		04086F78DDB75F34B0FE94D3 /* WallpaperPaletteExtractor.swift in Sources */ = {isa = PBXBuildFile; fileRef = 9DF436D10FBA1F60396D4805 /* WallpaperPaletteExtractor.swift */; };
		0848B2831DB28BC50D9D11DF /* DashboardLauncher.swift in Sources */ = {isa = PBXBuildFile; fileRef = 1A033DDC69A4668E798FAE76 /* DashboardLauncher.swift */; };
		16EA2FA3742626AA1917DF50 /* WeatherSectionView.swift in Sources */ = {isa = PBXBuildFile; fileRef = 9C7815FAB8B7F2EF781F4525 /* WeatherSectionView.swift */; };
		2314AEECF4A8566775EFA6A1 /* FrostedTintBackground.swift in Sources */ = {isa = PBXBuildFile; fileRef = 48A5AEC7B3846ABB4DE87BC6 /* FrostedTintBackground.swift */; };
		28A462830C2E183D75C30BB6 /* ShrutzPalette.swift in Sources */ = {isa = PBXBuildFile; fileRef = B02EBECA68D598DEB5F5A62E /* ShrutzPalette.swift */; };
		2EA9FCAE9857E1E58B6C80E8 /* ShrutzWordmark.swift in Sources */ = {isa = PBXBuildFile; fileRef = 9D429AB3DE05CAA1248CFB66 /* ShrutzWordmark.swift */; };
		36DAA64FB2302891805C0CFA /* GalleryView.swift in Sources */ = {isa = PBXBuildFile; fileRef = 6229F6560282793F60D3F218 /* GalleryView.swift */; };
		37E2354EFF9A6A48FFDCDB29 /* ShrutzCLI.swift in Sources */ = {isa = PBXBuildFile; fileRef = 77463A9F8AE0E9DA1EB187C3 /* ShrutzCLI.swift */; };
		3AC291E8AD4157ED70225CB0 /* RotaryDurationDial.swift in Sources */ = {isa = PBXBuildFile; fileRef = 625F8E5FFF44CFE406F15ABE /* RotaryDurationDial.swift */; };
		3B641451E9E6C50F0CDEDBC8 /* Assets.xcassets in Resources */ = {isa = PBXBuildFile; fileRef = 89CEF64F8C0E2E308C4C2379 /* Assets.xcassets */; };
		519170612BB1A3DF15F8B9FE /* ShrutzStatusMark.swift in Sources */ = {isa = PBXBuildFile; fileRef = A31A6DC8C49FFC8BFC00893B /* ShrutzStatusMark.swift */; };
		524ADA93D0D59DFEB3CF68C5 /* PanelWindowController.swift in Sources */ = {isa = PBXBuildFile; fileRef = 4A9719A221EF21CBF315A710 /* PanelWindowController.swift */; };
		6121E5E1C810D03BF1794242 /* GlassCard.swift in Sources */ = {isa = PBXBuildFile; fileRef = BE8D7C7BCD840FFA04A45D77 /* GlassCard.swift */; };
		7B4420EE9648802F23D441D3 /* ShrutzPanelView.swift in Sources */ = {isa = PBXBuildFile; fileRef = 7A9DAF5D413102D9106C1508 /* ShrutzPanelView.swift */; };
		7F878401F8867E162D3079C3 /* ShrutzState.swift in Sources */ = {isa = PBXBuildFile; fileRef = A3C69135962231ACE365BD7B /* ShrutzState.swift */; };
		81B4291223E84B4CE2C3A034 /* AppDelegate.swift in Sources */ = {isa = PBXBuildFile; fileRef = 8B6E8E3F444DBA94FA246EE6 /* AppDelegate.swift */; };
		89789BAC0B38CEA2C34D1BCB /* Fonts in Resources */ = {isa = PBXBuildFile; fileRef = 0F48B440E904453D0BB75543 /* Fonts */; };
		8B96CC9FBAE718B34B860CAF /* Typography.swift in Sources */ = {isa = PBXBuildFile; fileRef = AD44F33206B876B61BB8445D /* Typography.swift */; };
		95CE53E6B9AF2009F9BFA39E /* RemoteThumbnailCache.swift in Sources */ = {isa = PBXBuildFile; fileRef = A0AD80D4E7442CBA36540970 /* RemoteThumbnailCache.swift */; };
		A333985F01493AC4B26751B5 /* StateWatcher.swift in Sources */ = {isa = PBXBuildFile; fileRef = 9340E3B495901BC7A39FB513 /* StateWatcher.swift */; };
		CF5F31E06FC1126A8B005B83 /* ShrutzMenuBarApp.swift in Sources */ = {isa = PBXBuildFile; fileRef = 17D2CFD9B8D264086A3592B9 /* ShrutzMenuBarApp.swift */; };
		D054A0743DE45FFCE5DF4BAA /* ThumbnailCache.swift in Sources */ = {isa = PBXBuildFile; fileRef = 19D5315FCE810C71B845122D /* ThumbnailCache.swift */; };
		D279C0BEFF23D240CDC8A6A3 /* AppState.swift in Sources */ = {isa = PBXBuildFile; fileRef = 13BB02295ED61AC05180E70C /* AppState.swift */; };
		E5FF82EBEB4787724CEBD8B8 /* AppIconBaker.swift in Sources */ = {isa = PBXBuildFile; fileRef = BBC78ECC40464AE85250EAC9 /* AppIconBaker.swift */; };
		EB0597EDEBD2262087BF475E /* PreferencesView.swift in Sources */ = {isa = PBXBuildFile; fileRef = C99C1887C31A081D4F2E5162 /* PreferencesView.swift */; };
		EE6EFB152EC929E0DD33BE9D /* AppIconArtwork.swift in Sources */ = {isa = PBXBuildFile; fileRef = 55F859AA074E6C6D22E88335 /* AppIconArtwork.swift */; };
		F365B06C2185BFF43D4D0D71 /* SettingsWindowController.swift in Sources */ = {isa = PBXBuildFile; fileRef = B7DFC5EEA812710547EA6A34 /* SettingsWindowController.swift */; };
		F650B6C5443C478CB701B01B /* Shimmer.swift in Sources */ = {isa = PBXBuildFile; fileRef = 1D5E793EB8A212560E0E0CCF /* Shimmer.swift */; };
/* End PBXBuildFile section */

/* Begin PBXFileReference section */
		0F48B440E904453D0BB75543 /* Fonts */ = {isa = PBXFileReference; lastKnownFileType = folder; name = Fonts; path = ShrutzMenuBar/Resources/Fonts; sourceTree = SOURCE_ROOT; };
		13BB02295ED61AC05180E70C /* AppState.swift */ = {isa = PBXFileReference; lastKnownFileType = sourcecode.swift; path = AppState.swift; sourceTree = "<group>"; };
		17D2CFD9B8D264086A3592B9 /* ShrutzMenuBarApp.swift */ = {isa = PBXFileReference; lastKnownFileType = sourcecode.swift; path = ShrutzMenuBarApp.swift; sourceTree = "<group>"; };
		19D5315FCE810C71B845122D /* ThumbnailCache.swift */ = {isa = PBXFileReference; lastKnownFileType = sourcecode.swift; path = ThumbnailCache.swift; sourceTree = "<group>"; };
		1A033DDC69A4668E798FAE76 /* DashboardLauncher.swift */ = {isa = PBXFileReference; lastKnownFileType = sourcecode.swift; path = DashboardLauncher.swift; sourceTree = "<group>"; };
		1D5E793EB8A212560E0E0CCF /* Shimmer.swift */ = {isa = PBXFileReference; lastKnownFileType = sourcecode.swift; path = Shimmer.swift; sourceTree = "<group>"; };
		48A5AEC7B3846ABB4DE87BC6 /* FrostedTintBackground.swift */ = {isa = PBXFileReference; lastKnownFileType = sourcecode.swift; path = FrostedTintBackground.swift; sourceTree = "<group>"; };
		4A9719A221EF21CBF315A710 /* PanelWindowController.swift */ = {isa = PBXFileReference; lastKnownFileType = sourcecode.swift; path = PanelWindowController.swift; sourceTree = "<group>"; };
		55F859AA074E6C6D22E88335 /* AppIconArtwork.swift */ = {isa = PBXFileReference; lastKnownFileType = sourcecode.swift; path = AppIconArtwork.swift; sourceTree = "<group>"; };
		6229F6560282793F60D3F218 /* GalleryView.swift */ = {isa = PBXFileReference; lastKnownFileType = sourcecode.swift; path = GalleryView.swift; sourceTree = "<group>"; };
		625F8E5FFF44CFE406F15ABE /* RotaryDurationDial.swift */ = {isa = PBXFileReference; lastKnownFileType = sourcecode.swift; path = RotaryDurationDial.swift; sourceTree = "<group>"; };
		77463A9F8AE0E9DA1EB187C3 /* ShrutzCLI.swift */ = {isa = PBXFileReference; lastKnownFileType = sourcecode.swift; path = ShrutzCLI.swift; sourceTree = "<group>"; };
		7A9DAF5D413102D9106C1508 /* ShrutzPanelView.swift */ = {isa = PBXFileReference; lastKnownFileType = sourcecode.swift; path = ShrutzPanelView.swift; sourceTree = "<group>"; };
		89CEF64F8C0E2E308C4C2379 /* Assets.xcassets */ = {isa = PBXFileReference; lastKnownFileType = folder.assetcatalog; path = Assets.xcassets; sourceTree = "<group>"; };
		8B6E8E3F444DBA94FA246EE6 /* AppDelegate.swift */ = {isa = PBXFileReference; lastKnownFileType = sourcecode.swift; path = AppDelegate.swift; sourceTree = "<group>"; };
		9340E3B495901BC7A39FB513 /* StateWatcher.swift */ = {isa = PBXFileReference; lastKnownFileType = sourcecode.swift; path = StateWatcher.swift; sourceTree = "<group>"; };
		9C7815FAB8B7F2EF781F4525 /* WeatherSectionView.swift */ = {isa = PBXFileReference; lastKnownFileType = sourcecode.swift; path = WeatherSectionView.swift; sourceTree = "<group>"; };
		9D429AB3DE05CAA1248CFB66 /* ShrutzWordmark.swift */ = {isa = PBXFileReference; lastKnownFileType = sourcecode.swift; path = ShrutzWordmark.swift; sourceTree = "<group>"; };
		9DF436D10FBA1F60396D4805 /* WallpaperPaletteExtractor.swift */ = {isa = PBXFileReference; lastKnownFileType = sourcecode.swift; path = WallpaperPaletteExtractor.swift; sourceTree = "<group>"; };
		A0AD80D4E7442CBA36540970 /* RemoteThumbnailCache.swift */ = {isa = PBXFileReference; lastKnownFileType = sourcecode.swift; path = RemoteThumbnailCache.swift; sourceTree = "<group>"; };
		A31A6DC8C49FFC8BFC00893B /* ShrutzStatusMark.swift */ = {isa = PBXFileReference; lastKnownFileType = sourcecode.swift; path = ShrutzStatusMark.swift; sourceTree = "<group>"; };
		A3C69135962231ACE365BD7B /* ShrutzState.swift */ = {isa = PBXFileReference; lastKnownFileType = sourcecode.swift; path = ShrutzState.swift; sourceTree = "<group>"; };
		AD44F33206B876B61BB8445D /* Typography.swift */ = {isa = PBXFileReference; lastKnownFileType = sourcecode.swift; path = Typography.swift; sourceTree = "<group>"; };
		B02EBECA68D598DEB5F5A62E /* ShrutzPalette.swift */ = {isa = PBXFileReference; lastKnownFileType = sourcecode.swift; path = ShrutzPalette.swift; sourceTree = "<group>"; };
		B7DFC5EEA812710547EA6A34 /* SettingsWindowController.swift */ = {isa = PBXFileReference; lastKnownFileType = sourcecode.swift; path = SettingsWindowController.swift; sourceTree = "<group>"; };
		BBC78ECC40464AE85250EAC9 /* AppIconBaker.swift */ = {isa = PBXFileReference; lastKnownFileType = sourcecode.swift; path = AppIconBaker.swift; sourceTree = "<group>"; };
		BE8D7C7BCD840FFA04A45D77 /* GlassCard.swift */ = {isa = PBXFileReference; lastKnownFileType = sourcecode.swift; path = GlassCard.swift; sourceTree = "<group>"; };
		C99C1887C31A081D4F2E5162 /* PreferencesView.swift */ = {isa = PBXFileReference; lastKnownFileType = sourcecode.swift; path = PreferencesView.swift; sourceTree = "<group>"; };
		FC6FC8DCD6A43071969CCCCA /* ShrutzMenuBar.app */ = {isa = PBXFileReference; explicitFileType = wrapper.application; includeInIndex = 0; path = ShrutzMenuBar.app; sourceTree = BUILT_PRODUCTS_DIR; };
/* End PBXFileReference section */

/* Begin PBXGroup section */
		1CD4F9627F794C3D26177E0D /* Products */ = {
			isa = PBXGroup;
			children = (
				FC6FC8DCD6A43071969CCCCA /* ShrutzMenuBar.app */,
			);
			name = Products;
			sourceTree = "<group>";
		};
		368B86832D83B7E22C964AA9 /* ShrutzMenuBar */ = {
			isa = PBXGroup;
			children = (
				13BB02295ED61AC05180E70C /* AppState.swift */,
				89CEF64F8C0E2E308C4C2379 /* Assets.xcassets */,
				17D2CFD9B8D264086A3592B9 /* ShrutzMenuBarApp.swift */,
				B02EBECA68D598DEB5F5A62E /* ShrutzPalette.swift */,
				AD44F33206B876B61BB8445D /* Typography.swift */,
				8B4209BE8DDB15BE10CD4DBC /* App */,
				ECD4C8FA0609752AA71DA8B9 /* Models */,
				8B7BBAA91861DA5E3BD9F70C /* Services */,
				9A23D7387E701F0D6D0C591B /* Views */,
			);
			path = ShrutzMenuBar;
			sourceTree = "<group>";
		};
		8B4209BE8DDB15BE10CD4DBC /* App */ = {
			isa = PBXGroup;
			children = (
				8B6E8E3F444DBA94FA246EE6 /* AppDelegate.swift */,
				4A9719A221EF21CBF315A710 /* PanelWindowController.swift */,
				B7DFC5EEA812710547EA6A34 /* SettingsWindowController.swift */,
			);
			path = App;
			sourceTree = "<group>";
		};
		8B7BBAA91861DA5E3BD9F70C /* Services */ = {
			isa = PBXGroup;
			children = (
				BBC78ECC40464AE85250EAC9 /* AppIconBaker.swift */,
				1A033DDC69A4668E798FAE76 /* DashboardLauncher.swift */,
				A0AD80D4E7442CBA36540970 /* RemoteThumbnailCache.swift */,
				77463A9F8AE0E9DA1EB187C3 /* ShrutzCLI.swift */,
				9340E3B495901BC7A39FB513 /* StateWatcher.swift */,
				19D5315FCE810C71B845122D /* ThumbnailCache.swift */,
				9DF436D10FBA1F60396D4805 /* WallpaperPaletteExtractor.swift */,
			);
			path = Services;
			sourceTree = "<group>";
		};
		9A23D7387E701F0D6D0C591B /* Views */ = {
			isa = PBXGroup;
			children = (
				55F859AA074E6C6D22E88335 /* AppIconArtwork.swift */,
				48A5AEC7B3846ABB4DE87BC6 /* FrostedTintBackground.swift */,
				6229F6560282793F60D3F218 /* GalleryView.swift */,
				BE8D7C7BCD840FFA04A45D77 /* GlassCard.swift */,
				C99C1887C31A081D4F2E5162 /* PreferencesView.swift */,
				625F8E5FFF44CFE406F15ABE /* RotaryDurationDial.swift */,
				1D5E793EB8A212560E0E0CCF /* Shimmer.swift */,
				7A9DAF5D413102D9106C1508 /* ShrutzPanelView.swift */,
				A31A6DC8C49FFC8BFC00893B /* ShrutzStatusMark.swift */,
				9D429AB3DE05CAA1248CFB66 /* ShrutzWordmark.swift */,
				9C7815FAB8B7F2EF781F4525 /* WeatherSectionView.swift */,
			);
			path = Views;
			sourceTree = "<group>";
		};
		EAC71939E7736663C4C4E77C = {
			isa = PBXGroup;
			children = (
				0F48B440E904453D0BB75543 /* Fonts */,
				368B86832D83B7E22C964AA9 /* ShrutzMenuBar */,
				1CD4F9627F794C3D26177E0D /* Products */,
			);
			sourceTree = "<group>";
		};
		ECD4C8FA0609752AA71DA8B9 /* Models */ = {
			isa = PBXGroup;
			children = (
				A3C69135962231ACE365BD7B /* ShrutzState.swift */,
			);
			path = Models;
			sourceTree = "<group>";
		};
		"TEMP_56942C74-211F-4060-91D1-8DAC1DCDCF4F" /* Resources */ = {
			isa = PBXGroup;
			children = (
			);
			path = Resources;
			sourceTree = "<group>";
		};
/* End PBXGroup section */

/* Begin PBXNativeTarget section */
		B8D6D6D6B1EEBCC11FE199D3 /* ShrutzMenuBar */ = {
			isa = PBXNativeTarget;
			buildConfigurationList = 3581AB970B5EFD9985302FB5 /* Build configuration list for PBXNativeTarget "ShrutzMenuBar" */;
			buildPhases = (
				B6D13D313C9DF73BDC50F52F /* Sources */,
				ECF94DB2CEF5DFD44CD59A7A /* Resources */,
			);
			buildRules = (
			);
			dependencies = (
			);
			name = ShrutzMenuBar;
			packageProductDependencies = (
			);
			productName = ShrutzMenuBar;
			productReference = FC6FC8DCD6A43071969CCCCA /* ShrutzMenuBar.app */;
			productType = "com.apple.product-type.application";
		};
/* End PBXNativeTarget section */

/* Begin PBXProject section */
		41B5BE8D3AB97A572FBA01B7 /* Project object */ = {
			isa = PBXProject;
			attributes = {
				BuildIndependentTargetsInParallel = YES;
				LastUpgradeCheck = 1430;
				TargetAttributes = {
					B8D6D6D6B1EEBCC11FE199D3 = {
						DevelopmentTeam = "";
						ProvisioningStyle = Manual;
					};
				};
			};
			buildConfigurationList = 90EEF00915F193824D17A2D4 /* Build configuration list for PBXProject "ShrutzMenuBar" */;
			developmentRegion = en;
			hasScannedForEncodings = 0;
			knownRegions = (
				Base,
				en,
			);
			mainGroup = EAC71939E7736663C4C4E77C;
			minimizedProjectReferenceProxies = 1;
			preferredProjectObjectVersion = 77;
			productRefGroup = 1CD4F9627F794C3D26177E0D /* Products */;
			projectDirPath = "";
			projectRoot = "";
			targets = (
				B8D6D6D6B1EEBCC11FE199D3 /* ShrutzMenuBar */,
			);
		};
/* End PBXProject section */

/* Begin PBXResourcesBuildPhase section */
		ECF94DB2CEF5DFD44CD59A7A /* Resources */ = {
			isa = PBXResourcesBuildPhase;
			buildActionMask = 2147483647;
			files = (
				3B641451E9E6C50F0CDEDBC8 /* Assets.xcassets in Resources */,
				89789BAC0B38CEA2C34D1BCB /* Fonts in Resources */,
			);
			runOnlyForDeploymentPostprocessing = 0;
		};
/* End PBXResourcesBuildPhase section */

/* Begin PBXSourcesBuildPhase section */
		B6D13D313C9DF73BDC50F52F /* Sources */ = {
			isa = PBXSourcesBuildPhase;
			buildActionMask = 2147483647;
			files = (
				81B4291223E84B4CE2C3A034 /* AppDelegate.swift in Sources */,
				EE6EFB152EC929E0DD33BE9D /* AppIconArtwork.swift in Sources */,
				E5FF82EBEB4787724CEBD8B8 /* AppIconBaker.swift in Sources */,
				D279C0BEFF23D240CDC8A6A3 /* AppState.swift in Sources */,
				0848B2831DB28BC50D9D11DF /* DashboardLauncher.swift in Sources */,
				2314AEECF4A8566775EFA6A1 /* FrostedTintBackground.swift in Sources */,
				36DAA64FB2302891805C0CFA /* GalleryView.swift in Sources */,
				6121E5E1C810D03BF1794242 /* GlassCard.swift in Sources */,
				524ADA93D0D59DFEB3CF68C5 /* PanelWindowController.swift in Sources */,
				EB0597EDEBD2262087BF475E /* PreferencesView.swift in Sources */,
				95CE53E6B9AF2009F9BFA39E /* RemoteThumbnailCache.swift in Sources */,
				3AC291E8AD4157ED70225CB0 /* RotaryDurationDial.swift in Sources */,
				F365B06C2185BFF43D4D0D71 /* SettingsWindowController.swift in Sources */,
				F650B6C5443C478CB701B01B /* Shimmer.swift in Sources */,
				37E2354EFF9A6A48FFDCDB29 /* ShrutzCLI.swift in Sources */,
				CF5F31E06FC1126A8B005B83 /* ShrutzMenuBarApp.swift in Sources */,
				28A462830C2E183D75C30BB6 /* ShrutzPalette.swift in Sources */,
				7B4420EE9648802F23D441D3 /* ShrutzPanelView.swift in Sources */,
				7F878401F8867E162D3079C3 /* ShrutzState.swift in Sources */,
				519170612BB1A3DF15F8B9FE /* ShrutzStatusMark.swift in Sources */,
				2EA9FCAE9857E1E58B6C80E8 /* ShrutzWordmark.swift in Sources */,
				A333985F01493AC4B26751B5 /* StateWatcher.swift in Sources */,
				D054A0743DE45FFCE5DF4BAA /* ThumbnailCache.swift in Sources */,
				8B96CC9FBAE718B34B860CAF /* Typography.swift in Sources */,
				04086F78DDB75F34B0FE94D3 /* WallpaperPaletteExtractor.swift in Sources */,
				16EA2FA3742626AA1917DF50 /* WeatherSectionView.swift in Sources */,
			);
			runOnlyForDeploymentPostprocessing = 0;
		};
/* End PBXSourcesBuildPhase section */

/* Begin XCBuildConfiguration section */
		05BF98B5C258FD8DA154AB21 /* Release */ = {
			isa = XCBuildConfiguration;
			buildSettings = {
				ALWAYS_SEARCH_USER_PATHS = NO;
				CLANG_ANALYZER_NONNULL = YES;
				CLANG_ANALYZER_NUMBER_OBJECT_CONVERSION = YES_AGGRESSIVE;
				CLANG_CXX_LANGUAGE_STANDARD = "gnu++14";
				CLANG_CXX_LIBRARY = "libc++";
				CLANG_ENABLE_MODULES = YES;
				CLANG_ENABLE_OBJC_ARC = YES;
				CLANG_ENABLE_OBJC_WEAK = YES;
				CLANG_WARN_BLOCK_CAPTURE_AUTORELEASING = YES;
				CLANG_WARN_BOOL_CONVERSION = YES;
				CLANG_WARN_COMMA = YES;
				CLANG_WARN_CONSTANT_CONVERSION = YES;
				CLANG_WARN_DEPRECATED_OBJC_IMPLEMENTATIONS = YES;
				CLANG_WARN_DIRECT_OBJC_ISA_USAGE = YES_ERROR;
				CLANG_WARN_DOCUMENTATION_COMMENTS = YES;
				CLANG_WARN_EMPTY_BODY = YES;
				CLANG_WARN_ENUM_CONVERSION = YES;
				CLANG_WARN_INFINITE_RECURSION = YES;
				CLANG_WARN_INT_CONVERSION = YES;
				CLANG_WARN_NON_LITERAL_NULL_CONVERSION = YES;
				CLANG_WARN_OBJC_IMPLICIT_RETAIN_SELF = YES;
				CLANG_WARN_OBJC_LITERAL_CONVERSION = YES;
				CLANG_WARN_OBJC_ROOT_CLASS = YES_ERROR;
				CLANG_WARN_QUOTED_INCLUDE_IN_FRAMEWORK_HEADER = YES;
				CLANG_WARN_RANGE_LOOP_ANALYSIS = YES;
				CLANG_WARN_STRICT_PROTOTYPES = YES;
				CLANG_WARN_SUSPICIOUS_MOVE = YES;
				CLANG_WARN_UNGUARDED_AVAILABILITY = YES_AGGRESSIVE;
				CLANG_WARN_UNREACHABLE_CODE = YES;
				CLANG_WARN__DUPLICATE_METHOD_MATCH = YES;
				COPY_PHASE_STRIP = NO;
				DEBUG_INFORMATION_FORMAT = "dwarf-with-dsym";
				ENABLE_NS_ASSERTIONS = NO;
				ENABLE_STRICT_OBJC_MSGSEND = YES;
				GCC_C_LANGUAGE_STANDARD = gnu11;
				GCC_NO_COMMON_BLOCKS = YES;
				GCC_WARN_64_TO_32_BIT_CONVERSION = YES;
				GCC_WARN_ABOUT_RETURN_TYPE = YES_ERROR;
				GCC_WARN_UNDECLARED_SELECTOR = YES;
				GCC_WARN_UNINITIALIZED_AUTOS = YES_AGGRESSIVE;
				GCC_WARN_UNUSED_FUNCTION = YES;
				GCC_WARN_UNUSED_VARIABLE = YES;
				MACOSX_DEPLOYMENT_TARGET = 14.0;
				MTL_ENABLE_DEBUG_INFO = NO;
				MTL_FAST_MATH = YES;
				PRODUCT_NAME = "$(TARGET_NAME)";
				SDKROOT = macosx;
				SWIFT_COMPILATION_MODE = wholemodule;
				SWIFT_OPTIMIZATION_LEVEL = "-O";
				SWIFT_VERSION = 5.0;
			};
			name = Release;
		};
		379AED24ED4FA86FCEA198D3 /* Debug */ = {
			isa = XCBuildConfiguration;
			buildSettings = {
				ALWAYS_SEARCH_USER_PATHS = NO;
				CLANG_ANALYZER_NONNULL = YES;
				CLANG_ANALYZER_NUMBER_OBJECT_CONVERSION = YES_AGGRESSIVE;
				CLANG_CXX_LANGUAGE_STANDARD = "gnu++14";
				CLANG_CXX_LIBRARY = "libc++";
				CLANG_ENABLE_MODULES = YES;
				CLANG_ENABLE_OBJC_ARC = YES;
				CLANG_ENABLE_OBJC_WEAK = YES;
				CLANG_WARN_BLOCK_CAPTURE_AUTORELEASING = YES;
				CLANG_WARN_BOOL_CONVERSION = YES;
				CLANG_WARN_COMMA = YES;
				CLANG_WARN_CONSTANT_CONVERSION = YES;
				CLANG_WARN_DEPRECATED_OBJC_IMPLEMENTATIONS = YES;
				CLANG_WARN_DIRECT_OBJC_ISA_USAGE = YES_ERROR;
				CLANG_WARN_DOCUMENTATION_COMMENTS = YES;
				CLANG_WARN_EMPTY_BODY = YES;
				CLANG_WARN_ENUM_CONVERSION = YES;
				CLANG_WARN_INFINITE_RECURSION = YES;
				CLANG_WARN_INT_CONVERSION = YES;
				CLANG_WARN_NON_LITERAL_NULL_CONVERSION = YES;
				CLANG_WARN_OBJC_IMPLICIT_RETAIN_SELF = YES;
				CLANG_WARN_OBJC_LITERAL_CONVERSION = YES;
				CLANG_WARN_OBJC_ROOT_CLASS = YES_ERROR;
				CLANG_WARN_QUOTED_INCLUDE_IN_FRAMEWORK_HEADER = YES;
				CLANG_WARN_RANGE_LOOP_ANALYSIS = YES;
				CLANG_WARN_STRICT_PROTOTYPES = YES;
				CLANG_WARN_SUSPICIOUS_MOVE = YES;
				CLANG_WARN_UNGUARDED_AVAILABILITY = YES_AGGRESSIVE;
				CLANG_WARN_UNREACHABLE_CODE = YES;
				CLANG_WARN__DUPLICATE_METHOD_MATCH = YES;
				COPY_PHASE_STRIP = NO;
				DEBUG_INFORMATION_FORMAT = dwarf;
				ENABLE_STRICT_OBJC_MSGSEND = YES;
				ENABLE_TESTABILITY = YES;
				GCC_C_LANGUAGE_STANDARD = gnu11;
				GCC_DYNAMIC_NO_PIC = NO;
				GCC_NO_COMMON_BLOCKS = YES;
				GCC_OPTIMIZATION_LEVEL = 0;
				GCC_PREPROCESSOR_DEFINITIONS = (
					"$(inherited)",
					"DEBUG=1",
				);
				GCC_WARN_64_TO_32_BIT_CONVERSION = YES;
				GCC_WARN_ABOUT_RETURN_TYPE = YES_ERROR;
				GCC_WARN_UNDECLARED_SELECTOR = YES;
				GCC_WARN_UNINITIALIZED_AUTOS = YES_AGGRESSIVE;
				GCC_WARN_UNUSED_FUNCTION = YES;
				GCC_WARN_UNUSED_VARIABLE = YES;
				MACOSX_DEPLOYMENT_TARGET = 14.0;
				MTL_ENABLE_DEBUG_INFO = INCLUDE_SOURCE;
				MTL_FAST_MATH = YES;
				ONLY_ACTIVE_ARCH = YES;
				PRODUCT_NAME = "$(TARGET_NAME)";
				SDKROOT = macosx;
				SWIFT_ACTIVE_COMPILATION_CONDITIONS = DEBUG;
				SWIFT_OPTIMIZATION_LEVEL = "-Onone";
				SWIFT_VERSION = 5.0;
			};
			name = Debug;
		};
		5E84CFEDF09C4A2F9A821808 /* Release */ = {
			isa = XCBuildConfiguration;
			buildSettings = {
				ASSETCATALOG_COMPILER_APPICON_NAME = AppIcon;
				CODE_SIGNING_ALLOWED = YES;
				CODE_SIGNING_REQUIRED = NO;
				CODE_SIGN_IDENTITY = "-";
				CODE_SIGN_STYLE = Manual;
				COMBINE_HIDPI_IMAGES = YES;
				CURRENT_PROJECT_VERSION = 1;
				DEVELOPMENT_TEAM = "";
				ENABLE_HARDENED_RUNTIME = NO;
				GENERATE_INFOPLIST_FILE = NO;
				INFOPLIST_FILE = Generated/Info.plist;
				LD_RUNPATH_SEARCH_PATHS = (
					"$(inherited)",
					"@executable_path/../Frameworks",
				);
				MACOSX_DEPLOYMENT_TARGET = 14.0;
				MARKETING_VERSION = 1.0;
				PRODUCT_BUNDLE_IDENTIFIER = com.burpcat.shrutz.menubar;
				PRODUCT_NAME = Shrutz;
				SDKROOT = macosx;
				SWIFT_VERSION = 5.0;
			};
			name = Release;
		};
		758564EAC21EF7804B45BB36 /* Debug */ = {
			isa = XCBuildConfiguration;
			buildSettings = {
				ASSETCATALOG_COMPILER_APPICON_NAME = AppIcon;
				CODE_SIGNING_ALLOWED = YES;
				CODE_SIGNING_REQUIRED = NO;
				CODE_SIGN_IDENTITY = "-";
				CODE_SIGN_STYLE = Manual;
				COMBINE_HIDPI_IMAGES = YES;
				CURRENT_PROJECT_VERSION = 1;
				DEVELOPMENT_TEAM = "";
				ENABLE_HARDENED_RUNTIME = NO;
				GENERATE_INFOPLIST_FILE = NO;
				INFOPLIST_FILE = Generated/Info.plist;
				LD_RUNPATH_SEARCH_PATHS = (
					"$(inherited)",
					"@executable_path/../Frameworks",
				);
				MACOSX_DEPLOYMENT_TARGET = 14.0;
				MARKETING_VERSION = 1.0;
				PRODUCT_BUNDLE_IDENTIFIER = com.burpcat.shrutz.menubar;
				PRODUCT_NAME = Shrutz;
				SDKROOT = macosx;
				SWIFT_VERSION = 5.0;
			};
			name = Debug;
		};
/* End XCBuildConfiguration section */

/* Begin XCConfigurationList section */
		3581AB970B5EFD9985302FB5 /* Build configuration list for PBXNativeTarget "ShrutzMenuBar" */ = {
			isa = XCConfigurationList;
			buildConfigurations = (
				758564EAC21EF7804B45BB36 /* Debug */,
				5E84CFEDF09C4A2F9A821808 /* Release */,
			);
			defaultConfigurationIsVisible = 0;
			defaultConfigurationName = Debug;
		};
		90EEF00915F193824D17A2D4 /* Build configuration list for PBXProject "ShrutzMenuBar" */ = {
			isa = XCConfigurationList;
			buildConfigurations = (
				379AED24ED4FA86FCEA198D3 /* Debug */,
				05BF98B5C258FD8DA154AB21 /* Release */,
			);
			defaultConfigurationIsVisible = 0;
			defaultConfigurationName = Debug;
		};
/* End XCConfigurationList section */
	};
	rootObject = 41B5BE8D3AB97A572FBA01B7 /* Project object */;
}
